
Microsoft Visual Studio Solution File, Format Version 12.00
# Visual Studio Version 18
VisualStudioVersion = 18.6.11806.211
MinimumVisualStudioVersion = 10.0.40219.1
Project("{FAE04EC0-301F-11D3-BF4B-00C04F79EFBC}") = "ItTiger.TigerCli", "ItTiger.TigerCli\ItTiger.TigerCli.csproj", "{9F8CDE13-A6B2-5DB7-D26F-4FC9EB89C0A4}"
EndProject
Project("{FAE04EC0-301F-11D3-BF4B-00C04F79EFBC}") = "ItTiger.TigerCli.Tests", "ItTiger.TigerCli.Tests\ItTiger.TigerCli.Tests.csproj", "{A156232A-2CC9-45C4-9B4E-C017CFD745AF}"
EndProject
Project("{FAE04EC0-301F-11D3-BF4B-00C04F79EFBC}") = "CommandParserTest", "CommandParserTest\CommandParserTest.csproj", "{CE4DCBD7-1102-4BAC-A4B3-9C52EAA98863}"
EndProject
Project("{FAE04EC0-301F-11D3-BF4B-00C04F79EFBC}") = "ItTiger.Core", "ItTiger.Core\ItTiger.Core.csproj", "{DC9D1779-878A-4664-900A-FB9F2AEAA208}"
EndProject
Project("{FAE04EC0-301F-11D3-BF4B-00C04F79EFBC}") = "ItTiger.Core.Tests", "ItTiger.Core.Tests\ItTiger.Core.Tests.csproj", "{50550A9B-4B4D-4C82-AF43-2F1137E00DC4}"
EndProject
Project("{FAE04EC0-301F-11D3-BF4B-00C04F79EFBC}") = "CommandParserTest.Tests", "CommandParserTest.Tests\CommandParserTest.Tests.csproj", "{DB01761A-9700-4472-A6DB-37EFA8D16647}"
EndProject
Project("{2150E333-8FDC-42A3-9474-1A3956D46DE8}") = "internal", "internal", "{5A380C17-196E-6321-DE74-1F06A4E0A5CA}"
EndProject
Project("{FAE04EC0-301F-11D3-BF4B-00C04F79EFBC}") = "DocSamples", "internal\DocSamples\DocSamples.csproj", "{1945A53B-6AB4-47AF-AD7C-6F69DB737E18}"
EndProject
Project("{FAE04EC0-301F-11D3-BF4B-00C04F79EFBC}") = "ItTiger.TigerCli.PngSink", "ItTiger.TigerCli.PngSink\ItTiger.TigerCli.PngSink.csproj", "{A69786D0-ED6F-442D-9B7A-3CF48333C45E}"
EndProject
Project("{FAE04EC0-301F-11D3-BF4B-00C04F79EFBC}") = "ItTiger.TigerCli.PngSink.Tests", "ItTiger.TigerCli.PngSink.Tests\ItTiger.TigerCli.PngSink.Tests.csproj", "{B74D9D16-49AD-482D-8D90-B37E8A2E3AF5}"
EndProject
Project("{FAE04EC0-301F-11D3-BF4B-00C04F79EFBC}") = "RoiCities.Basic", "RoiCities.Basic\RoiCities.Basic.csproj", "{EBCEB2C4-6A64-40DF-A096-CF8710952933}"
EndProject
Project("{FAE04EC0-301F-11D3-BF4B-00C04F79EFBC}") = "RoiCities.Extended", "RoiCities.Extended\RoiCities.Extended.csproj", "{860B80CF-1FA2-4458-9F80-0D7666BA50E0}"
EndProject
Project("{FAE04EC0-301F-11D3-BF4B-00C04F79EFBC}") = "RoiCities.Tests", "RoiCities.Tests\RoiCities.Tests.csproj", "{73568B3A-0F22-49EF-A8B0-7162C2117A7A}"
EndProject
Project("{FAE04EC0-301F-11D3-BF4B-00C04F79EFBC}") = "FolderCopy", "FolderCopy\FolderCopy.csproj", "{8EFAF5FD-33B1-41C9-9AAA-1AA377A5AA4B}"
EndProject
Project("{FAE04EC0-301F-11D3-BF4B-00C04F79EFBC}") = "FolderCopy.Tests", "FolderCopy.Tests\FolderCopy.Tests.csproj", "{7FCE381C-B4E5-4642-B607-1C02A4509AC3}"
EndProject
Global
	GlobalSection(SolutionConfigurationPlatforms) = preSolution
		Debug|Any CPU = Debug|Any CPU
		Debug|x64 = Debug|x64
		Debug|x86 = Debug|x86
		Release|Any CPU = Release|Any CPU
		Release|x64 = Release|x64
		Release|x86 = Release|x86
	EndGlobalSection
	GlobalSection(ProjectConfigurationPlatforms) = postSolution
		{9F8CDE13-A6B2-5DB7-D26F-4FC9EB89C0A4}.Debug|Any CPU.ActiveCfg = Debug|Any CPU
		{9F8CDE13-A6B2-5DB7-D26F-4FC9EB89C0A4}.Debug|Any CPU.Build.0 = Debug|Any CPU
		{9F8CDE13-A6B2-5DB7-D26F-4FC9EB89C0A4}.Debug|x64.ActiveCfg = Debug|Any CPU
		{9F8CDE13-A6B2-5DB7-D26F-4FC9EB89C0A4}.Debug|x64.Build.0 = Debug|Any CPU
		{9F8CDE13-A6B2-5DB7-D26F-4FC9EB89C0A4}.Debug|x86.ActiveCfg = Debug|Any CPU
		{9F8CDE13-A6B2-5DB7-D26F-4FC9EB89C0A4}.Debug|x86.Build.0 = Debug|Any CPU
		{9F8CDE13-A6B2-5DB7-D26F-4FC9EB89C0A4}.Release|Any CPU.ActiveCfg = Release|Any CPU
		{9F8CDE13-A6B2-5DB7-D26F-4FC9EB89C0A4}.Release|Any CPU.Build.0 = Release|Any CPU
		{9F8CDE13-A6B2-5DB7-D26F-4FC9EB89C0A4}.Release|x64.ActiveCfg = Release|Any CPU
		{9F8CDE13-A6B2-5DB7-D26F-4FC9EB89C0A4}.Release|x64.Build.0 = Release|Any CPU
		{9F8CDE13-A6B2-5DB7-D26F-4FC9EB89C0A4}.Release|x86.ActiveCfg = Release|Any CPU
		{9F8CDE13-A6B2-5DB7-D26F-4FC9EB89C0A4}.Release|x86.Build.0 = Release|Any CPU
		{A156232A-2CC9-45C4-9B4E-C017CFD745AF}.Debug|Any CPU.ActiveCfg = Debug|Any CPU
		{A156232A-2CC9-45C4-9B4E-C017CFD745AF}.Debug|Any CPU.Build.0 = Debug|Any CPU
		{A156232A-2CC9-45C4-9B4E-C017CFD745AF}.Debug|x64.ActiveCfg = Debug|Any CPU
		{A156232A-2CC9-45C4-9B4E-C017CFD745AF}.Debug|x64.Build.0 = Debug|Any CPU
		{A156232A-2CC9-45C4-9B4E-C017CFD745AF}.Debug|x86.ActiveCfg = Debug|Any CPU
		{A156232A-2CC9-45C4-9B4E-C017CFD745AF}.Debug|x86.Build.0 = Debug|Any CPU
		{A156232A-2CC9-45C4-9B4E-C017CFD745AF}.Release|Any CPU.ActiveCfg = Release|Any CPU
		{A156232A-2CC9-45C4-9B4E-C017CFD745AF}.Release|Any CPU.Build.0 = Release|Any CPU
		{A156232A-2CC9-45C4-9B4E-C017CFD745AF}.Release|x64.ActiveCfg = Release|Any CPU
		{A156232A-2CC9-45C4-9B4E-C017CFD745AF}.Release|x64.Build.0 = Release|Any CPU
		{A156232A-2CC9-45C4-9B4E-C017CFD745AF}.Release|x86.ActiveCfg = Release|Any CPU
		{A156232A-2CC9-45C4-9B4E-C017CFD745AF}.Release|x86.Build.0 = Release|Any CPU
		{CE4DCBD7-1102-4BAC-A4B3-9C52EAA98863}.Debug|Any CPU.ActiveCfg = Debug|Any CPU
		{CE4DCBD7-1102-4BAC-A4B3-9C52EAA98863}.Debug|Any CPU.Build.0 = Debug|Any CPU
		{CE4DCBD7-1102-4BAC-A4B3-9C52EAA98863}.Debug|x64.ActiveCfg = Debug|Any CPU
		{CE4DCBD7-1102-4BAC-A4B3-9C52EAA98863}.Debug|x64.Build.0 = Debug|Any CPU
		{CE4DCBD7-1102-4BAC-A4B3-9C52EAA98863}.Debug|x86.ActiveCfg = Debug|Any CPU
		{CE4DCBD7-1102-4BAC-A4B3-9C52EAA98863}.Debug|x86.Build.0 = Debug|Any CPU
		{CE4DCBD7-1102-4BAC-A4B3-9C52EAA98863}.Release|Any CPU.ActiveCfg = Release|Any CPU
		{CE4DCBD7-1102-4BAC-A4B3-9C52EAA98863}.Release|Any CPU.Build.0 = Release|Any CPU
		{CE4DCBD7-1102-4BAC-A4B3-9C52EAA98863}.Release|x64.ActiveCfg = Release|Any CPU
		{CE4DCBD7-1102-4BAC-A4B3-9C52EAA98863}.Release|x64.Build.0 = Release|Any CPU
		{CE4DCBD7-1102-4BAC-A4B3-9C52EAA98863}.Release|x86.ActiveCfg = Release|Any CPU
		{CE4DCBD7-1102-4BAC-A4B3-9C52EAA98863}.Release|x86.Build.0 = Release|Any CPU
		{DC9D1779-878A-4664-900A-FB9F2AEAA208}.Debug|Any CPU.ActiveCfg = Debug|Any CPU
		{DC9D1779-878A-4664-900A-FB9F2AEAA208}.Debug|Any CPU.Build.0 = Debug|Any CPU
		{DC9D1779-878A-4664-900A-FB9F2AEAA208}.Debug|x64.ActiveCfg = Debug|Any CPU
		{DC9D1779-878A-4664-900A-FB9F2AEAA208}.Debug|x64.Build.0 = Debug|Any CPU
		{DC9D1779-878A-4664-900A-FB9F2AEAA208}.Debug|x86.ActiveCfg = Debug|Any CPU
		{DC9D1779-878A-4664-900A-FB9F2AEAA208}.Debug|x86.Build.0 = Debug|Any CPU
		{DC9D1779-878A-4664-900A-FB9F2AEAA208}.Release|Any CPU.ActiveCfg = Release|Any CPU
		{DC9D1779-878A-4664-900A-FB9F2AEAA208}.Release|Any CPU.Build.0 = Release|Any CPU
		{DC9D1779-878A-4664-900A-FB9F2AEAA208}.Release|x64.ActiveCfg = Release|Any CPU
		{DC9D1779-878A-4664-900A-FB9F2AEAA208}.Release|x64.Build.0 = Release|Any CPU
		{DC9D1779-878A-4664-900A-FB9F2AEAA208}.Release|x86.ActiveCfg = Release|Any CPU
		{DC9D1779-878A-4664-900A-FB9F2AEAA208}.Release|x86.Build.0 = Release|Any CPU
		{50550A9B-4B4D-4C82-AF43-2F1137E00DC4}.Debug|Any CPU.ActiveCfg = Debug|Any CPU
		{50550A9B-4B4D-4C82-AF43-2F1137E00DC4}.Debug|Any CPU.Build.0 = Debug|Any CPU
		{50550A9B-4B4D-4C82-AF43-2F1137E00DC4}.Debug|x64.ActiveCfg = Debug|Any CPU
		{50550A9B-4B4D-4C82-AF43-2F1137E00DC4}.Debug|x64.Build.0 = Debug|Any CPU
		{50550A9B-4B4D-4C82-AF43-2F1137E00DC4}.Debug|x86.ActiveCfg = Debug|Any CPU
		{50550A9B-4B4D-4C82-AF43-2F1137E00DC4}.Debug|x86.Build.0 = Debug|Any CPU
		{50550A9B-4B4D-4C82-AF43-2F1137E00DC4}.Release|Any CPU.ActiveCfg = Release|Any CPU
		{50550A9B-4B4D-4C82-AF43-2F1137E00DC4}.Release|Any CPU.Build.0 = Release|Any CPU
		{50550A9B-4B4D-4C82-AF43-2F1137E00DC4}.Release|x64.ActiveCfg = Release|Any CPU
		{50550A9B-4B4D-4C82-AF43-2F1137E00DC4}.Release|x64.Build.0 = Release|Any CPU
		{50550A9B-4B4D-4C82-AF43-2F1137E00DC4}.Release|x86.ActiveCfg = Release|Any CPU
		{50550A9B-4B4D-4C82-AF43-2F1137E00DC4}.Release|x86.Build.0 = Release|Any CPU
		{DB01761A-9700-4472-A6DB-37EFA8D16647}.Debug|Any CPU.ActiveCfg = Debug|Any CPU
		{DB01761A-9700-4472-A6DB-37EFA8D16647}.Debug|Any CPU.Build.0 = Debug|Any CPU
		{DB01761A-9700-4472-A6DB-37EFA8D16647}.Debug|x64.ActiveCfg = Debug|Any CPU
		{DB01761A-9700-4472-A6DB-37EFA8D16647}.Debug|x64.Build.0 = Debug|Any CPU
		{DB01761A-9700-4472-A6DB-37EFA8D16647}.Debug|x86.ActiveCfg = Debug|Any CPU
		{DB01761A-9700-4472-A6DB-37EFA8D16647}.Debug|x86.Build.0 = Debug|Any CPU
		{DB01761A-9700-4472-A6DB-37EFA8D16647}.Release|Any CPU.ActiveCfg = Release|Any CPU
		{DB01761A-9700-4472-A6DB-37EFA8D16647}.Release|Any CPU.Build.0 = Release|Any CPU
		{DB01761A-9700-4472-A6DB-37EFA8D16647}.Release|x64.ActiveCfg = Release|Any CPU
		{DB01761A-9700-4472-A6DB-37EFA8D16647}.Release|x64.Build.0 = Release|Any CPU
		{DB01761A-9700-4472-A6DB-37EFA8D16647}.Release|x86.ActiveCfg = Release|Any CPU
		{DB01761A-9700-4472-A6DB-37EFA8D16647}.Release|x86.Build.0 = Release|Any CPU
		{1945A53B-6AB4-47AF-AD7C-6F69DB737E18}.Debug|Any CPU.ActiveCfg = Debug|Any CPU
		{1945A53B-6AB4-47AF-AD7C-6F69DB737E18}.Debug|Any CPU.Build.0 = Debug|Any CPU
		{1945A53B-6AB4-47AF-AD7C-6F69DB737E18}.Debug|x64.ActiveCfg = Debug|Any CPU
		{1945A53B-6AB4-47AF-AD7C-6F69DB737E18}.Debug|x64.Build.0 = Debug|Any CPU
		{1945A53B-6AB4-47AF-AD7C-6F69DB737E18}.Debug|x86.ActiveCfg = Debug|Any CPU
		{1945A53B-6AB4-47AF-AD7C-6F69DB737E18}.Debug|x86.Build.0 = Debug|Any CPU
		{1945A53B-6AB4-47AF-AD7C-6F69DB737E18}.Release|Any CPU.ActiveCfg = Release|Any CPU
		{1945A53B-6AB4-47AF-AD7C-6F69DB737E18}.Release|Any CPU.Build.0 = Release|Any CPU
		{1945A53B-6AB4-47AF-AD7C-6F69DB737E18}.Release|x64.ActiveCfg = Release|Any CPU
		{1945A53B-6AB4-47AF-AD7C-6F69DB737E18}.Release|x64.Build.0 = Release|Any CPU
		{1945A53B-6AB4-47AF-AD7C-6F69DB737E18}.Release|x86.ActiveCfg = Release|Any CPU
		{1945A53B-6AB4-47AF-AD7C-6F69DB737E18}.Release|x86.Build.0 = Release|Any CPU
		{A69786D0-ED6F-442D-9B7A-3CF48333C45E}.Debug|Any CPU.ActiveCfg = Debug|Any CPU
		{A69786D0-ED6F-442D-9B7A-3CF48333C45E}.Debug|Any CPU.Build.0 = Debug|Any CPU
		{A69786D0-ED6F-442D-9B7A-3CF48333C45E}.Debug|x64.ActiveCfg = Debug|Any CPU
		{A69786D0-ED6F-442D-9B7A-3CF48333C45E}.Debug|x64.Build.0 = Debug|Any CPU
		{A69786D0-ED6F-442D-9B7A-3CF48333C45E}.Debug|x86.ActiveCfg = Debug|Any CPU
		{A69786D0-ED6F-442D-9B7A-3CF48333C45E}.Debug|x86.Build.0 = Debug|Any CPU
		{A69786D0-ED6F-442D-9B7A-3CF48333C45E}.Release|Any CPU.ActiveCfg = Release|Any CPU
		{A69786D0-ED6F-442D-9B7A-3CF48333C45E}.Release|Any CPU.Build.0 = Release|Any CPU
		{A69786D0-ED6F-442D-9B7A-3CF48333C45E}.Release|x64.ActiveCfg = Release|Any CPU
		{A69786D0-ED6F-442D-9B7A-3CF48333C45E}.Release|x64.Build.0 = Release|Any CPU
		{A69786D0-ED6F-442D-9B7A-3CF48333C45E}.Release|x86.ActiveCfg = Release|Any CPU
		{A69786D0-ED6F-442D-9B7A-3CF48333C45E}.Release|x86.Build.0 = Release|Any CPU
		{B74D9D16-49AD-482D-8D90-B37E8A2E3AF5}.Debug|Any CPU.ActiveCfg = Debug|Any CPU
		{B74D9D16-49AD-482D-8D90-B37E8A2E3AF5}.Debug|Any CPU.Build.0 = Debug|Any CPU
		{B74D9D16-49AD-482D-8D90-B37E8A2E3AF5}.Debug|x64.ActiveCfg = Debug|Any CPU
		{B74D9D16-49AD-482D-8D90-B37E8A2E3AF5}.Debug|x64.Build.0 = Debug|Any CPU
		{B74D9D16-49AD-482D-8D90-B37E8A2E3AF5}.Debug|x86.ActiveCfg = Debug|Any CPU
		{B74D9D16-49AD-482D-8D90-B37E8A2E3AF5}.Debug|x86.Build.0 = Debug|Any CPU
		{B74D9D16-49AD-482D-8D90-B37E8A2E3AF5}.Release|Any CPU.ActiveCfg = Release|Any CPU
		{B74D9D16-49AD-482D-8D90-B37E8A2E3AF5}.Release|Any CPU.Build.0 = Release|Any CPU
		{B74D9D16-49AD-482D-8D90-B37E8A2E3AF5}.Release|x64.ActiveCfg = Release|Any CPU
		{B74D9D16-49AD-482D-8D90-B37E8A2E3AF5}.Release|x64.Build.0 = Release|Any CPU
		{B74D9D16-49AD-482D-8D90-B37E8A2E3AF5}.Release|x86.ActiveCfg = Release|Any CPU
		{B74D9D16-49AD-482D-8D90-B37E8A2E3AF5}.Release|x86.Build.0 = Release|Any CPU
		{EBCEB2C4-6A64-40DF-A096-CF8710952933}.Debug|Any CPU.ActiveCfg = Debug|Any CPU
		{EBCEB2C4-6A64-40DF-A096-CF8710952933}.Debug|Any CPU.Build.0 = Debug|Any CPU
		{EBCEB2C4-6A64-40DF-A096-CF8710952933}.Debug|x64.ActiveCfg = Debug|Any CPU
		{EBCEB2C4-6A64-40DF-A096-CF8710952933}.Debug|x64.Build.0 = Debug|Any CPU
		{EBCEB2C4-6A64-40DF-A096-CF8710952933}.Debug|x86.ActiveCfg = Debug|Any CPU
		{EBCEB2C4-6A64-40DF-A096-CF8710952933}.Debug|x86.Build.0 = Debug|Any CPU
		{EBCEB2C4-6A64-40DF-A096-CF8710952933}.Release|Any CPU.ActiveCfg = Release|Any CPU
		{EBCEB2C4-6A64-40DF-A096-CF8710952933}.Release|Any CPU.Build.0 = Release|Any CPU
		{EBCEB2C4-6A64-40DF-A096-CF8710952933}.Release|x64.ActiveCfg = Release|Any CPU
		{EBCEB2C4-6A64-40DF-A096-CF8710952933}.Release|x64.Build.0 = Release|Any CPU
		{EBCEB2C4-6A64-40DF-A096-CF8710952933}.Release|x86.ActiveCfg = Release|Any CPU
		{EBCEB2C4-6A64-40DF-A096-CF8710952933}.Release|x86.Build.0 = Release|Any CPU
		{860B80CF-1FA2-4458-9F80-0D7666BA50E0}.Debug|Any CPU.ActiveCfg = Debug|Any CPU
		{860B80CF-1FA2-4458-9F80-0D7666BA50E0}.Debug|Any CPU.Build.0 = Debug|Any CPU
		{860B80CF-1FA2-4458-9F80-0D7666BA50E0}.Debug|x64.ActiveCfg = Debug|Any CPU
		{860B80CF-1FA2-4458-9F80-0D7666BA50E0}.Debug|x64.Build.0 = Debug|Any CPU
		{860B80CF-1FA2-4458-9F80-0D7666BA50E0}.Debug|x86.ActiveCfg = Debug|Any CPU
		{860B80CF-1FA2-4458-9F80-0D7666BA50E0}.Debug|x86.Build.0 = Debug|Any CPU
		{860B80CF-1FA2-4458-9F80-0D7666BA50E0}.Release|Any CPU.ActiveCfg = Release|Any CPU
		{860B80CF-1FA2-4458-9F80-0D7666BA50E0}.Release|Any CPU.Build.0 = Release|Any CPU
		{860B80CF-1FA2-4458-9F80-0D7666BA50E0}.Release|x64.ActiveCfg = Release|Any CPU
		{860B80CF-1FA2-4458-9F80-0D7666BA50E0}.Release|x64.Build.0 = Release|Any CPU
		{860B80CF-1FA2-4458-9F80-0D7666BA50E0}.Release|x86.ActiveCfg = Release|Any CPU
		{860B80CF-1FA2-4458-9F80-0D7666BA50E0}.Release|x86.Build.0 = Release|Any CPU
		{73568B3A-0F22-49EF-A8B0-7162C2117A7A}.Debug|Any CPU.ActiveCfg = Debug|Any CPU
		{73568B3A-0F22-49EF-A8B0-7162C2117A7A}.Debug|Any CPU.Build.0 = Debug|Any CPU
		{73568B3A-0F22-49EF-A8B0-7162C2117A7A}.Debug|x64.ActiveCfg = Debug|Any CPU
		{73568B3A-0F22-49EF-A8B0-7162C2117A7A}.Debug|x64.Build.0 = Debug|Any CPU
		{73568B3A-0F22-49EF-A8B0-7162C2117A7A}.Debug|x86.ActiveCfg = Debug|Any CPU
		{73568B3A-0F22-49EF-A8B0-7162C2117A7A}.Debug|x86.Build.0 = Debug|Any CPU
		{73568B3A-0F22-49EF-A8B0-7162C2117A7A}.Release|Any CPU.ActiveCfg = Release|Any CPU
		{73568B3A-0F22-49EF-A8B0-7162C2117A7A}.Release|Any CPU.Build.0 = Release|Any CPU
		{73568B3A-0F22-49EF-A8B0-7162C2117A7A}.Release|x64.ActiveCfg = Release|Any CPU
		{73568B3A-0F22-49EF-A8B0-7162C2117A7A}.Release|x64.Build.0 = Release|Any CPU
		{73568B3A-0F22-49EF-A8B0-7162C2117A7A}.Release|x86.ActiveCfg = Release|Any CPU
		{73568B3A-0F22-49EF-A8B0-7162C2117A7A}.Release|x86.Build.0 = Release|Any CPU
		{8EFAF5FD-33B1-41C9-9AAA-1AA377A5AA4B}.Debug|Any CPU.ActiveCfg = Debug|Any CPU
		{8EFAF5FD-33B1-41C9-9AAA-1AA377A5AA4B}.Debug|Any CPU.Build.0 = Debug|Any CPU
		{8EFAF5FD-33B1-41C9-9AAA-1AA377A5AA4B}.Debug|x64.ActiveCfg = Debug|Any CPU
		{8EFAF5FD-33B1-41C9-9AAA-1AA377A5AA4B}.Debug|x64.Build.0 = Debug|Any CPU
		{8EFAF5FD-33B1-41C9-9AAA-1AA377A5AA4B}.Debug|x86.ActiveCfg = Debug|Any CPU
		{8EFAF5FD-33B1-41C9-9AAA-1AA377A5AA4B}.Debug|x86.Build.0 = Debug|Any CPU
		{8EFAF5FD-33B1-41C9-9AAA-1AA377A5AA4B}.Release|Any CPU.ActiveCfg = Release|Any CPU
		{8EFAF5FD-33B1-41C9-9AAA-1AA377A5AA4B}.Release|Any CPU.Build.0 = Release|Any CPU
		{8EFAF5FD-33B1-41C9-9AAA-1AA377A5AA4B}.Release|x64.ActiveCfg = Release|Any CPU
		{8EFAF5FD-33B1-41C9-9AAA-1AA377A5AA4B}.Release|x64.Build.0 = Release|Any CPU
		{8EFAF5FD-33B1-41C9-9AAA-1AA377A5AA4B}.Release|x86.ActiveCfg = Release|Any CPU
		{8EFAF5FD-33B1-41C9-9AAA-1AA377A5AA4B}.Release|x86.Build.0 = Release|Any CPU
		{7FCE381C-B4E5-4642-B607-1C02A4509AC3}.Debug|Any CPU.ActiveCfg = Debug|Any CPU
		{7FCE381C-B4E5-4642-B607-1C02A4509AC3}.Debug|Any CPU.Build.0 = Debug|Any CPU
		{7FCE381C-B4E5-4642-B607-1C02A4509AC3}.Debug|x64.ActiveCfg = Debug|Any CPU
		{7FCE381C-B4E5-4642-B607-1C02A4509AC3}.Debug|x64.Build.0 = Debug|Any CPU
		{7FCE381C-B4E5-4642-B607-1C02A4509AC3}.Debug|x86.ActiveCfg = Debug|Any CPU
		{7FCE381C-B4E5-4642-B607-1C02A4509AC3}.Debug|x86.Build.0 = Debug|Any CPU
		{7FCE381C-B4E5-4642-B607-1C02A4509AC3}.Release|Any CPU.ActiveCfg = Release|Any CPU
		{7FCE381C-B4E5-4642-B607-1C02A4509AC3}.Release|Any CPU.Build.0 = Release|Any CPU
		{7FCE381C-B4E5-4642-B607-1C02A4509AC3}.Release|x64.ActiveCfg = Release|Any CPU
		{7FCE381C-B4E5-4642-B607-1C02A4509AC3}.Release|x64.Build.0 = Release|Any CPU
		{7FCE381C-B4E5-4642-B607-1C02A4509AC3}.Release|x86.ActiveCfg = Release|Any CPU
		{7FCE381C-B4E5-4642-B607-1C02A4509AC3}.Release|x86.Build.0 = Release|Any CPU
	EndGlobalSection
	GlobalSection(SolutionProperties) = preSolution
		HideSolutionNode = FALSE
	EndGlobalSection
	GlobalSection(NestedProjects) = preSolution
		{1945A53B-6AB4-47AF-AD7C-6F69DB737E18} = {5A380C17-196E-6321-DE74-1F06A4E0A5CA}
	EndGlobalSection
	GlobalSection(ExtensibilityGlobals) = postSolution
		SolutionGuid = {A846AF3D-FF64-4518-8E54-8420B29262D3}
	EndGlobalSection
EndGlobal
